---
phases:
  - name: Phase1

    client:
      workers:
        - instances: 1
          duration: 5m
          delay: 10ms

    workload:
      actions:
        # Lock a mutex. Locks are identified by `id`.
        - name: GlobalMutexLock
          config:
            id: global_lock

        - name: Sleep
          config:
            duration: 2s

        # Unlock the mutex.
        - name: GlobalMutexUnlock
          config:
            id: global_lock
